
Microsoft Visual Studio Solution File, Format Version 12.00
# Visual Studio Version 17
VisualStudioVersion = 17.0.31903.59
MinimumVisualStudioVersion = 10.0.40219.1
Project("{FAE04EC0-301F-11D3-BF4B-00C04F79EFBC}") = "Apfelmus", "Apfelmus\Apfelmus.csproj", "{26B85267-1BA6-488E-BA9E-D98CD2D077D9}"
EndProject
Project("{FAE04EC0-301F-11D3-BF4B-00C04F79EFBC}") = "CloseableTab", "WpfCustomControlLibrary1\CloseableTab.csproj", "{FDC870CA-5CE9-4ED4-9278-CDEF46599969}"
EndProject
Project("{FAE04EC0-301F-11D3-BF4B-00C04F79EFBC}") = "ApfelmusFramework", "ApfelmusFramework\ApfelmusFramework.csproj", "{DA17CBED-2033-40EA-8982-F8A092FAC033}"
EndProject
Global
	GlobalSection(SolutionConfigurationPlatforms) = preSolution
		Debug|Any CPU = Debug|Any CPU
		Release|Any CPU = Release|Any CPU
	EndGlobalSection
	GlobalSection(ProjectConfigurationPlatforms) = postSolution
		{26B85267-1BA6-488E-BA9E-D98CD2D077D9}.Debug|Any CPU.ActiveCfg = Debug|Any CPU
		{26B85267-1BA6-488E-BA9E-D98CD2D077D9}.Debug|Any CPU.Build.0 = Debug|Any CPU
		{26B85267-1BA6-488E-BA9E-D98CD2D077D9}.Release|Any CPU.ActiveCfg = Release|Any CPU
		{26B85267-1BA6-488E-BA9E-D98CD2D077D9}.Release|Any CPU.Build.0 = Release|Any CPU
		{FDC870CA-5CE9-4ED4-9278-CDEF46599969}.Debug|Any CPU.ActiveCfg = Debug|Any CPU
		{FDC870CA-5CE9-4ED4-9278-CDEF46599969}.Debug|Any CPU.Build.0 = Debug|Any CPU
		{FDC870CA-5CE9-4ED4-9278-CDEF46599969}.Release|Any CPU.ActiveCfg = Release|Any CPU
		{FDC870CA-5CE9-4ED4-9278-CDEF46599969}.Release|Any CPU.Build.0 = Release|Any CPU
		{DA17CBED-2033-40EA-8982-F8A092FAC033}.Debug|Any CPU.ActiveCfg = Debug|Any CPU
		{DA17CBED-2033-40EA-8982-F8A092FAC033}.Debug|Any CPU.Build.0 = Debug|Any CPU
		{DA17CBED-2033-40EA-8982-F8A092FAC033}.Release|Any CPU.ActiveCfg = Release|Any CPU
		{DA17CBED-2033-40EA-8982-F8A092FAC033}.Release|Any CPU.Build.0 = Release|Any CPU
	EndGlobalSection
	GlobalSection(SolutionProperties) = preSolution
		HideSolutionNode = FALSE
	EndGlobalSection
	GlobalSection(ExtensibilityGlobals) = postSolution
		SolutionGuid = {A0943E99-E0CD-4999-BF29-415540001B1F}
	EndGlobalSection
	GlobalSection(SubversionScc) = preSolution
		Svn-Managed = True
		Manager = AnkhSVN - Subversion Support for Visual Studio
	EndGlobalSection
EndGlobal
